
Microsoft Visual Studio Solution File, Format Version 12.00
# Visual Studio 15
Project("{FAE04EC0-301F-11D3-BF4B-00C04F79EFBC}") = "HW1.Android", "HW1.Android\HW1.Android.csproj", "{6CAC4DCD-D3CF-4896-BBE2-96DB87F1B001}"
EndProject
Project("{FAE04EC0-301F-11D3-BF4B-00C04F79EFBC}") = "HW1.iOS", "HW1.iOS\HW1.iOS.csproj", "{A6DC3AA9-9839-4E16-AD1B-D44DB541D016}"
EndProject
Project("{FAE04EC0-301F-11D3-BF4B-00C04F79EFBC}") = "HW1", "HW1\HW1.csproj", "{78280AB1-2F64-46C1-8EE3-4FD2D2728B15}"
EndProject
Global
	GlobalSection(SolutionConfigurationPlatforms) = preSolution
		Debug|Any CPU = Debug|Any CPU
		Release|Any CPU = Release|Any CPU
		Debug|iPhoneSimulator = Debug|iPhoneSimulator
		Release|iPhoneSimulator = Release|iPhoneSimulator
		Debug|iPhone = Debug|iPhone
		Release|iPhone = Release|iPhone
		Ad-Hoc|iPhone = Ad-Hoc|iPhone
		AppStore|iPhone = AppStore|iPhone
	EndGlobalSection
	GlobalSection(ProjectConfigurationPlatforms) = postSolution
		{6CAC4DCD-D3CF-4896-BBE2-96DB87F1B001}.Debug|Any CPU.ActiveCfg = Debug|Any CPU
		{6CAC4DCD-D3CF-4896-BBE2-96DB87F1B001}.Debug|Any CPU.Build.0 = Debug|Any CPU
		{6CAC4DCD-D3CF-4896-BBE2-96DB87F1B001}.Release|Any CPU.ActiveCfg = Release|Any CPU
		{6CAC4DCD-D3CF-4896-BBE2-96DB87F1B001}.Release|Any CPU.Build.0 = Release|Any CPU
		{6CAC4DCD-D3CF-4896-BBE2-96DB87F1B001}.Debug|iPhoneSimulator.ActiveCfg = Debug|Any CPU
		{6CAC4DCD-D3CF-4896-BBE2-96DB87F1B001}.Debug|iPhoneSimulator.Build.0 = Debug|Any CPU
		{6CAC4DCD-D3CF-4896-BBE2-96DB87F1B001}.Release|iPhoneSimulator.ActiveCfg = Release|Any CPU
		{6CAC4DCD-D3CF-4896-BBE2-96DB87F1B001}.Release|iPhoneSimulator.Build.0 = Release|Any CPU
		{6CAC4DCD-D3CF-4896-BBE2-96DB87F1B001}.Debug|iPhone.ActiveCfg = Debug|Any CPU
		{6CAC4DCD-D3CF-4896-BBE2-96DB87F1B001}.Debug|iPhone.Build.0 = Debug|Any CPU
		{6CAC4DCD-D3CF-4896-BBE2-96DB87F1B001}.Release|iPhone.ActiveCfg = Release|Any CPU
		{6CAC4DCD-D3CF-4896-BBE2-96DB87F1B001}.Release|iPhone.Build.0 = Release|Any CPU
		{6CAC4DCD-D3CF-4896-BBE2-96DB87F1B001}.Ad-Hoc|iPhone.ActiveCfg = Debug|Any CPU
		{6CAC4DCD-D3CF-4896-BBE2-96DB87F1B001}.Ad-Hoc|iPhone.Build.0 = Debug|Any CPU
		{6CAC4DCD-D3CF-4896-BBE2-96DB87F1B001}.AppStore|iPhone.ActiveCfg = Debug|Any CPU
		{6CAC4DCD-D3CF-4896-BBE2-96DB87F1B001}.AppStore|iPhone.Build.0 = Debug|Any CPU
		{A6DC3AA9-9839-4E16-AD1B-D44DB541D016}.Debug|Any CPU.ActiveCfg = Debug|iPhoneSimulator
		{A6DC3AA9-9839-4E16-AD1B-D44DB541D016}.Debug|Any CPU.Build.0 = Debug|iPhoneSimulator
		{A6DC3AA9-9839-4E16-AD1B-D44DB541D016}.Release|Any CPU.ActiveCfg = Release|iPhoneSimulator
		{A6DC3AA9-9839-4E16-AD1B-D44DB541D016}.Release|Any CPU.Build.0 = Release|iPhoneSimulator
		{A6DC3AA9-9839-4E16-AD1B-D44DB541D016}.Debug|iPhoneSimulator.ActiveCfg = Debug|iPhoneSimulator
		{A6DC3AA9-9839-4E16-AD1B-D44DB541D016}.Debug|iPhoneSimulator.Build.0 = Debug|iPhoneSimulator
		{A6DC3AA9-9839-4E16-AD1B-D44DB541D016}.Release|iPhoneSimulator.ActiveCfg = Release|iPhoneSimulator
		{A6DC3AA9-9839-4E16-AD1B-D44DB541D016}.Release|iPhoneSimulator.Build.0 = Release|iPhoneSimulator
		{A6DC3AA9-9839-4E16-AD1B-D44DB541D016}.Debug|iPhone.ActiveCfg = Debug|iPhone
		{A6DC3AA9-9839-4E16-AD1B-D44DB541D016}.Debug|iPhone.Build.0 = Debug|iPhone
		{A6DC3AA9-9839-4E16-AD1B-D44DB541D016}.Release|iPhone.ActiveCfg = Release|iPhone
		{A6DC3AA9-9839-4E16-AD1B-D44DB541D016}.Release|iPhone.Build.0 = Release|iPhone
		{A6DC3AA9-9839-4E16-AD1B-D44DB541D016}.Ad-Hoc|iPhone.ActiveCfg = Ad-Hoc|iPhone
		{A6DC3AA9-9839-4E16-AD1B-D44DB541D016}.Ad-Hoc|iPhone.Build.0 = Ad-Hoc|iPhone
		{A6DC3AA9-9839-4E16-AD1B-D44DB541D016}.AppStore|iPhone.ActiveCfg = AppStore|iPhone
		{A6DC3AA9-9839-4E16-AD1B-D44DB541D016}.AppStore|iPhone.Build.0 = AppStore|iPhone
		{78280AB1-2F64-46C1-8EE3-4FD2D2728B15}.Debug|Any CPU.ActiveCfg = Debug|Any CPU
		{78280AB1-2F64-46C1-8EE3-4FD2D2728B15}.Debug|Any CPU.Build.0 = Debug|Any CPU
		{78280AB1-2F64-46C1-8EE3-4FD2D2728B15}.Release|Any CPU.ActiveCfg = Release|Any CPU
		{78280AB1-2F64-46C1-8EE3-4FD2D2728B15}.Release|Any CPU.Build.0 = Release|Any CPU
		{78280AB1-2F64-46C1-8EE3-4FD2D2728B15}.Debug|iPhoneSimulator.ActiveCfg = Debug|Any CPU
		{78280AB1-2F64-46C1-8EE3-4FD2D2728B15}.Debug|iPhoneSimulator.Build.0 = Debug|Any CPU
		{78280AB1-2F64-46C1-8EE3-4FD2D2728B15}.Release|iPhoneSimulator.ActiveCfg = Release|Any CPU
		{78280AB1-2F64-46C1-8EE3-4FD2D2728B15}.Release|iPhoneSimulator.Build.0 = Release|Any CPU
		{78280AB1-2F64-46C1-8EE3-4FD2D2728B15}.Debug|iPhone.ActiveCfg = Debug|Any CPU
		{78280AB1-2F64-46C1-8EE3-4FD2D2728B15}.Debug|iPhone.Build.0 = Debug|Any CPU
		{78280AB1-2F64-46C1-8EE3-4FD2D2728B15}.Release|iPhone.ActiveCfg = Release|Any CPU
		{78280AB1-2F64-46C1-8EE3-4FD2D2728B15}.Release|iPhone.Build.0 = Release|Any CPU
		{78280AB1-2F64-46C1-8EE3-4FD2D2728B15}.Ad-Hoc|iPhone.ActiveCfg = Debug|Any CPU
		{78280AB1-2F64-46C1-8EE3-4FD2D2728B15}.Ad-Hoc|iPhone.Build.0 = Debug|Any CPU
		{78280AB1-2F64-46C1-8EE3-4FD2D2728B15}.AppStore|iPhone.ActiveCfg = Debug|Any CPU
		{78280AB1-2F64-46C1-8EE3-4FD2D2728B15}.AppStore|iPhone.Build.0 = Debug|Any CPU
	EndGlobalSection
EndGlobal
