
Microsoft Visual Studio Solution File, Format Version 12.00
# Visual Studio 15
Project("{FAE04EC0-301F-11D3-BF4B-00C04F79EFBC}") = "HW3_1.Android", "HW3_1.Android\HW3_1.Android.csproj", "{551D5469-C1F5-4169-8766-2844ABB2F8A3}"
EndProject
Project("{FAE04EC0-301F-11D3-BF4B-00C04F79EFBC}") = "HW3_1.iOS", "HW3_1.iOS\HW3_1.iOS.csproj", "{307EC54F-87F7-4F05-B6CB-6EEF38C6F60E}"
EndProject
Project("{FAE04EC0-301F-11D3-BF4B-00C04F79EFBC}") = "HW3_1", "HW3_1\HW3_1.csproj", "{0E6500AC-317A-4C98-B761-76FF4013FF6B}"
EndProject
Global
	GlobalSection(SolutionConfigurationPlatforms) = preSolution
		Debug|Any CPU = Debug|Any CPU
		Release|Any CPU = Release|Any CPU
		Debug|iPhoneSimulator = Debug|iPhoneSimulator
		Release|iPhoneSimulator = Release|iPhoneSimulator
		Debug|iPhone = Debug|iPhone
		Release|iPhone = Release|iPhone
		Ad-Hoc|iPhone = Ad-Hoc|iPhone
		AppStore|iPhone = AppStore|iPhone
	EndGlobalSection
	GlobalSection(ProjectConfigurationPlatforms) = postSolution
		{551D5469-C1F5-4169-8766-2844ABB2F8A3}.Debug|Any CPU.ActiveCfg = Debug|Any CPU
		{551D5469-C1F5-4169-8766-2844ABB2F8A3}.Debug|Any CPU.Build.0 = Debug|Any CPU
		{551D5469-C1F5-4169-8766-2844ABB2F8A3}.Release|Any CPU.ActiveCfg = Release|Any CPU
		{551D5469-C1F5-4169-8766-2844ABB2F8A3}.Release|Any CPU.Build.0 = Release|Any CPU
		{551D5469-C1F5-4169-8766-2844ABB2F8A3}.Debug|iPhoneSimulator.ActiveCfg = Debug|Any CPU
		{551D5469-C1F5-4169-8766-2844ABB2F8A3}.Debug|iPhoneSimulator.Build.0 = Debug|Any CPU
		{551D5469-C1F5-4169-8766-2844ABB2F8A3}.Release|iPhoneSimulator.ActiveCfg = Release|Any CPU
		{551D5469-C1F5-4169-8766-2844ABB2F8A3}.Release|iPhoneSimulator.Build.0 = Release|Any CPU
		{551D5469-C1F5-4169-8766-2844ABB2F8A3}.Debug|iPhone.ActiveCfg = Debug|Any CPU
		{551D5469-C1F5-4169-8766-2844ABB2F8A3}.Debug|iPhone.Build.0 = Debug|Any CPU
		{551D5469-C1F5-4169-8766-2844ABB2F8A3}.Release|iPhone.ActiveCfg = Release|Any CPU
		{551D5469-C1F5-4169-8766-2844ABB2F8A3}.Release|iPhone.Build.0 = Release|Any CPU
		{551D5469-C1F5-4169-8766-2844ABB2F8A3}.Ad-Hoc|iPhone.ActiveCfg = Debug|Any CPU
		{551D5469-C1F5-4169-8766-2844ABB2F8A3}.Ad-Hoc|iPhone.Build.0 = Debug|Any CPU
		{551D5469-C1F5-4169-8766-2844ABB2F8A3}.AppStore|iPhone.ActiveCfg = Debug|Any CPU
		{551D5469-C1F5-4169-8766-2844ABB2F8A3}.AppStore|iPhone.Build.0 = Debug|Any CPU
		{307EC54F-87F7-4F05-B6CB-6EEF38C6F60E}.Debug|Any CPU.ActiveCfg = Debug|iPhoneSimulator
		{307EC54F-87F7-4F05-B6CB-6EEF38C6F60E}.Debug|Any CPU.Build.0 = Debug|iPhoneSimulator
		{307EC54F-87F7-4F05-B6CB-6EEF38C6F60E}.Release|Any CPU.ActiveCfg = Release|iPhoneSimulator
		{307EC54F-87F7-4F05-B6CB-6EEF38C6F60E}.Release|Any CPU.Build.0 = Release|iPhoneSimulator
		{307EC54F-87F7-4F05-B6CB-6EEF38C6F60E}.Debug|iPhoneSimulator.ActiveCfg = Debug|iPhoneSimulator
		{307EC54F-87F7-4F05-B6CB-6EEF38C6F60E}.Debug|iPhoneSimulator.Build.0 = Debug|iPhoneSimulator
		{307EC54F-87F7-4F05-B6CB-6EEF38C6F60E}.Release|iPhoneSimulator.ActiveCfg = Release|iPhoneSimulator
		{307EC54F-87F7-4F05-B6CB-6EEF38C6F60E}.Release|iPhoneSimulator.Build.0 = Release|iPhoneSimulator
		{307EC54F-87F7-4F05-B6CB-6EEF38C6F60E}.Debug|iPhone.ActiveCfg = Debug|iPhone
		{307EC54F-87F7-4F05-B6CB-6EEF38C6F60E}.Debug|iPhone.Build.0 = Debug|iPhone
		{307EC54F-87F7-4F05-B6CB-6EEF38C6F60E}.Release|iPhone.ActiveCfg = Release|iPhone
		{307EC54F-87F7-4F05-B6CB-6EEF38C6F60E}.Release|iPhone.Build.0 = Release|iPhone
		{307EC54F-87F7-4F05-B6CB-6EEF38C6F60E}.Ad-Hoc|iPhone.ActiveCfg = Ad-Hoc|iPhone
		{307EC54F-87F7-4F05-B6CB-6EEF38C6F60E}.Ad-Hoc|iPhone.Build.0 = Ad-Hoc|iPhone
		{307EC54F-87F7-4F05-B6CB-6EEF38C6F60E}.AppStore|iPhone.ActiveCfg = AppStore|iPhone
		{307EC54F-87F7-4F05-B6CB-6EEF38C6F60E}.AppStore|iPhone.Build.0 = AppStore|iPhone
		{0E6500AC-317A-4C98-B761-76FF4013FF6B}.Debug|Any CPU.ActiveCfg = Debug|Any CPU
		{0E6500AC-317A-4C98-B761-76FF4013FF6B}.Debug|Any CPU.Build.0 = Debug|Any CPU
		{0E6500AC-317A-4C98-B761-76FF4013FF6B}.Release|Any CPU.ActiveCfg = Release|Any CPU
		{0E6500AC-317A-4C98-B761-76FF4013FF6B}.Release|Any CPU.Build.0 = Release|Any CPU
		{0E6500AC-317A-4C98-B761-76FF4013FF6B}.Debug|iPhoneSimulator.ActiveCfg = Debug|Any CPU
		{0E6500AC-317A-4C98-B761-76FF4013FF6B}.Debug|iPhoneSimulator.Build.0 = Debug|Any CPU
		{0E6500AC-317A-4C98-B761-76FF4013FF6B}.Release|iPhoneSimulator.ActiveCfg = Release|Any CPU
		{0E6500AC-317A-4C98-B761-76FF4013FF6B}.Release|iPhoneSimulator.Build.0 = Release|Any CPU
		{0E6500AC-317A-4C98-B761-76FF4013FF6B}.Debug|iPhone.ActiveCfg = Debug|Any CPU
		{0E6500AC-317A-4C98-B761-76FF4013FF6B}.Debug|iPhone.Build.0 = Debug|Any CPU
		{0E6500AC-317A-4C98-B761-76FF4013FF6B}.Release|iPhone.ActiveCfg = Release|Any CPU
		{0E6500AC-317A-4C98-B761-76FF4013FF6B}.Release|iPhone.Build.0 = Release|Any CPU
		{0E6500AC-317A-4C98-B761-76FF4013FF6B}.Ad-Hoc|iPhone.ActiveCfg = Debug|Any CPU
		{0E6500AC-317A-4C98-B761-76FF4013FF6B}.Ad-Hoc|iPhone.Build.0 = Debug|Any CPU
		{0E6500AC-317A-4C98-B761-76FF4013FF6B}.AppStore|iPhone.ActiveCfg = Debug|Any CPU
		{0E6500AC-317A-4C98-B761-76FF4013FF6B}.AppStore|iPhone.Build.0 = Debug|Any CPU
	EndGlobalSection
EndGlobal
